
Microsoft Visual Studio Solution File, Format Version 12.00
Project("{FAE04EC0-301F-11D3-BF4B-00C04F79EFBC}") = "RiderIssue", "RiderIssue\RiderIssue.csproj", "{1F216FD2-F86E-44F0-8377-423A3385EBC4}"
EndProject
Global
	GlobalSection(SolutionConfigurationPlatforms) = preSolution
		Debug|Any CPU = Debug|Any CPU
		Release|Any CPU = Release|Any CPU
	EndGlobalSection
	GlobalSection(ProjectConfigurationPlatforms) = postSolution
		{1F216FD2-F86E-44F0-8377-423A3385EBC4}.Debug|Any CPU.ActiveCfg = Debug|Any CPU
		{1F216FD2-F86E-44F0-8377-423A3385EBC4}.Debug|Any CPU.Build.0 = Debug|Any CPU
		{1F216FD2-F86E-44F0-8377-423A3385EBC4}.Release|Any CPU.ActiveCfg = Release|Any CPU
		{1F216FD2-F86E-44F0-8377-423A3385EBC4}.Release|Any CPU.Build.0 = Release|Any CPU
	EndGlobalSection
EndGlobal
